
Microsoft Visual Studio Solution File, Format Version 12.00
# Visual Studio Version 16
VisualStudioVersion = 16.0.30523.141
MinimumVisualStudioVersion = 10.0.40219.1
Project("{FAE04EC0-301F-11D3-BF4B-00C04F79EFBC}") = "Airflights", "Airflights\Airflights.csproj", "{15AC32AB-6F2C-4124-945F-52D83E4D4FB7}"
EndProject
Project("{2150E333-8FDC-42A3-9474-1A3956D46DE8}") = "Solution Items", "Solution Items", "{29A7456A-3044-4D05-A31B-EB6B95682DFA}"
	ProjectSection(SolutionItems) = preProject
		README.md = README.md
	EndProjectSection
EndProject
Global
	GlobalSection(SolutionConfigurationPlatforms) = preSolution
		Debug|Any CPU = Debug|Any CPU
		Release|Any CPU = Release|Any CPU
	EndGlobalSection
	GlobalSection(ProjectConfigurationPlatforms) = postSolution
		{15AC32AB-6F2C-4124-945F-52D83E4D4FB7}.Debug|Any CPU.ActiveCfg = Debug|Any CPU
		{15AC32AB-6F2C-4124-945F-52D83E4D4FB7}.Debug|Any CPU.Build.0 = Debug|Any CPU
		{15AC32AB-6F2C-4124-945F-52D83E4D4FB7}.Release|Any CPU.ActiveCfg = Release|Any CPU
		{15AC32AB-6F2C-4124-945F-52D83E4D4FB7}.Release|Any CPU.Build.0 = Release|Any CPU
	EndGlobalSection
	GlobalSection(SolutionProperties) = preSolution
		HideSolutionNode = FALSE
	EndGlobalSection
	GlobalSection(ExtensibilityGlobals) = postSolution
		SolutionGuid = {6B6D15C0-2D83-44A5-85C7-7876EED8270B}
	EndGlobalSection
EndGlobal
